{
  "version": "5",
  "specifiers": {
    "jsr:@luca/esbuild-deno-loader@~0.11.1": "0.11.1",
    "jsr:@std/bytes@^1.0.2": "1.0.5",
    "jsr:@std/cli@^1.0.18": "1.0.19",
    "jsr:@std/encoding@^1.0.10": "1.0.10",
    "jsr:@std/encoding@^1.0.5": "1.0.10",
    "jsr:@std/fmt@^1.0.8": "1.0.8",
    "jsr:@std/fs@1.0.16": "1.0.16",
    "jsr:@std/html@^1.0.4": "1.0.4",
    "jsr:@std/http@^1.0.17": "1.0.17",
    "jsr:@std/media-types@^1.1.0": "1.1.0",
    "jsr:@std/net@^1.0.4": "1.0.4",
    "jsr:@std/path@*": "1.1.0",
    "jsr:@std/path@1.0.8": "1.0.8",
    "jsr:@std/path@^1.0.6": "1.1.0",
    "jsr:@std/path@^1.0.8": "1.1.0",
    "jsr:@std/path@^1.1.0": "1.1.0",
    "jsr:@std/streams@^1.0.9": "1.0.9",
    "npm:@types/node@*": "22.15.15"
  },
  "jsr": {
    "@luca/esbuild-deno-loader@0.11.1": {
      "integrity": "dc020d16d75b591f679f6b9288b10f38bdb4f24345edb2f5732affa1d9885267",
      "dependencies": [
        "jsr:@std/bytes",
        "jsr:@std/encoding@^1.0.5",
        "jsr:@std/path@^1.0.6"
      ]
    },
    "@std/bytes@1.0.5": {
      "integrity": "4465dd739d7963d964c809202ebea6d5c6b8e3829ef25c6a224290fbb8a1021e"
    },
    "@std/cli@1.0.19": {
      "integrity": "b3601a54891f89f3f738023af11960c4e6f7a45dc76cde39a6861124cba79e88"
    },
    "@std/encoding@1.0.10": {
      "integrity": "8783c6384a2d13abd5e9e87a7ae0520a30e9f56aeeaa3bdf910a3eaaf5c811a1"
    },
    "@std/fmt@1.0.8": {
      "integrity": "71e1fc498787e4434d213647a6e43e794af4fd393ef8f52062246e06f7e372b7"
    },
    "@std/fs@1.0.16": {
      "integrity": "81878f62b6eeda0bf546197fc3daa5327c132fee1273f6113f940784a468b036",
      "dependencies": [
        "jsr:@std/path@^1.0.8"
      ]
    },
    "@std/html@1.0.4": {
      "integrity": "eff3497c08164e6ada49b7f81a28b5108087033823153d065e3f89467dd3d50e"
    },
    "@std/http@1.0.17": {
      "integrity": "98aec8ab4080d95c21f731e3008f69c29c5012d12f1b4e553f85935db601569f",
      "dependencies": [
        "jsr:@std/cli",
        "jsr:@std/encoding@^1.0.10",
        "jsr:@std/fmt",
        "jsr:@std/html",
        "jsr:@std/media-types",
        "jsr:@std/net",
        "jsr:@std/path@^1.1.0",
        "jsr:@std/streams"
      ]
    },
    "@std/media-types@1.1.0": {
      "integrity": "c9d093f0c05c3512932b330e3cc1fe1d627b301db33a4c2c2185c02471d6eaa4"
    },
    "@std/net@1.0.4": {
      "integrity": "2f403b455ebbccf83d8a027d29c5a9e3a2452fea39bb2da7f2c04af09c8bc852"
    },
    "@std/path@1.0.8": {
      "integrity": "548fa456bb6a04d3c1a1e7477986b6cffbce95102d0bb447c67c4ee70e0364be"
    },
    "@std/path@1.1.0": {
      "integrity": "ddc94f8e3c275627281cbc23341df6b8bcc874d70374f75fec2533521e3d6886"
    },
    "@std/streams@1.0.9": {
      "integrity": "a9d26b1988cdd7aa7b1f4b51e1c36c1557f3f252880fa6cc5b9f37078b1a5035"
    }
  },
  "npm": {
    "@types/node@22.15.15": {
      "integrity": "sha512-R5muMcZob3/Jjchn5LcO8jdKwSCbzqmPB6ruBxMcf9kbxtniZHP327s6C37iOfuw8mbKK3cAQa7sEl7afLrQ8A==",
      "dependencies": [
        "undici-types"
      ]
    },
    "undici-types@6.21.0": {
      "integrity": "sha512-iwDZqg0QAGrg9Rav5H4n0M64c3mkR59cJ6wQp+7C4nI0gsmExaedaYLNO44eT4AtBBwjbTiGPMlt2Md0T9H9JQ=="
    }
  },
  "redirects": {
    "https://esm.sh/@preact/signals-core@^1.9.0?target=denonext": "https://esm.sh/@preact/signals-core@1.9.0?target=denonext",
    "https://esm.sh/preact@^10.26.8/hooks?target=denonext": "https://esm.sh/preact@10.26.8/hooks?target=denonext",
    "https://esm.sh/preact@^10.26.8?target=denonext": "https://esm.sh/preact@10.26.8?target=denonext"
  },
  "remote": {
    "https://deno.land/x/denoflate@1.2.1/mod.ts": "f5628e44b80b3d80ed525afa2ba0f12408e3849db817d47a883b801f9ce69dd6",
    "https://deno.land/x/denoflate@1.2.1/pkg/denoflate.js": "b9f9ad9457d3f12f28b1fb35c555f57443427f74decb403113d67364e4f2caf4",
    "https://deno.land/x/denoflate@1.2.1/pkg/denoflate_bg.wasm.js": "d581956245407a2115a3d7e8d85a9641c032940a8e810acbd59ca86afd34d44d",
    "https://deno.land/x/esbuild@v0.25.5/mod.js": "57b9635116b05e6f214dea72d7f488c13808ee1b8055d96fa5da1c0dffe890cf",
    "https://esm.sh/@preact/signals-core@1.9.0/denonext/signals-core.mjs": "93ec484d4fefadb43760cc0210080c5896b80fc2e5fc63cf86c162d06a72c8d3",
    "https://esm.sh/@preact/signals-core@1.9.0?target=denonext": "ca61fe007135ea663e74227d28e8d6570cd113837efe11a0bf9a1b4a82e56f56",
    "https://esm.sh/@preact/signals@2.2.0": "d0f8aac52582f775fd63f00aa02c054ad26deb0fb9ebc5a842a2024a19c4cb20",
    "https://esm.sh/@preact/signals@2.2.0/denonext/signals.mjs": "4dc0283b193e3625ce9bbd15dffb553eef4594bd2402e2373eec6ad6a2e1f8e3",
    "https://esm.sh/monaco-editor@0.52.2": "f3f8cf19e1e544c36523182c6a2d1792cd878ffc32f84db7dacdb4181b3f6460",
    "https://esm.sh/monaco-editor@0.52.2/denonext/esm/vs/basic-languages/abap/abap.mjs": "7c785c240da371a293acab06c5f925ccb263aa24553533095e3b46b1e61b4d2a",
    "https://esm.sh/monaco-editor@0.52.2/denonext/esm/vs/basic-languages/apex/apex.mjs": "01a54239f64fc9674589dc44fc8fb7bf8a9fe7b3511d6b53c110691386a62ee8",
    "https://esm.sh/monaco-editor@0.52.2/denonext/esm/vs/basic-languages/azcli/azcli.mjs": "685acdc5451c096be8ec5b82adccfab6f2c69617b219c804ea29eb5d1cb1e7eb",
    "https://esm.sh/monaco-editor@0.52.2/denonext/esm/vs/basic-languages/bat/bat.mjs": "5e5894084bf1afba6eb77014ea20afc0e6d26cf7f61dfecc8e09008a06832ed6",
    "https://esm.sh/monaco-editor@0.52.2/denonext/esm/vs/basic-languages/bicep/bicep.mjs": "9bd414a29af4023760778b5e99b74869a7b65d986a25fac7ef99311bead7c1db",
    "https://esm.sh/monaco-editor@0.52.2/denonext/esm/vs/basic-languages/cameligo/cameligo.mjs": "871570607e1c240562e02cbce36ba8792d4d877d76d5e2a9e0cacb2433bee58e",
    "https://esm.sh/monaco-editor@0.52.2/denonext/esm/vs/basic-languages/clojure/clojure.mjs": "3d4ad0ff31e3b184674f28125b229fdc0384602412b2e9d241596c44c573c4af",
    "https://esm.sh/monaco-editor@0.52.2/denonext/esm/vs/basic-languages/coffee/coffee.mjs": "3c47c0edc991ae8925981a158fcdcbf1bd8099eca3edba45adcb2dcde3b896e6",
    "https://esm.sh/monaco-editor@0.52.2/denonext/esm/vs/basic-languages/cpp/cpp.mjs": "6a4fb1677883ffd01f6847680e10a4fc31c82978d949b9a00254e0a4ed71163e",
    "https://esm.sh/monaco-editor@0.52.2/denonext/esm/vs/basic-languages/csharp/csharp.mjs": "3d632376093f631e498ca8223e28c3195541275761ae33ad35d086978e8036bd",
    "https://esm.sh/monaco-editor@0.52.2/denonext/esm/vs/basic-languages/csp/csp.mjs": "7ceded594d241d1ef486390e4481ce3a9c3c35ae9374c056034a2e5a17f9b89a",
    "https://esm.sh/monaco-editor@0.52.2/denonext/esm/vs/basic-languages/css/css.mjs": "3006d6eaa1bb04eb4fdbfdd0f5e3377284325184cc5746dfc1f28e4a143f09ff",
    "https://esm.sh/monaco-editor@0.52.2/denonext/esm/vs/basic-languages/cypher/cypher.mjs": "42f1b39ad16d94bc3efaaea17fcac5599eea3bddb1d3d7ded81e549da76dba85",
    "https://esm.sh/monaco-editor@0.52.2/denonext/esm/vs/basic-languages/dart/dart.mjs": "b717f3be9441003be3607ec9a7fdbc07ac4aef6a15122f6b9880e5d6ba4ffac7",
    "https://esm.sh/monaco-editor@0.52.2/denonext/esm/vs/basic-languages/dockerfile/dockerfile.mjs": "14dc1fdc4c232aac70c43e3b0b5fc8a8f418bcde04f7604c901973406df6418a",
    "https://esm.sh/monaco-editor@0.52.2/denonext/esm/vs/basic-languages/ecl/ecl.mjs": "b6d46199ce63ce482b580cf9dde64e01800d5f2d17aaf85b41f2d26a2a65a764",
    "https://esm.sh/monaco-editor@0.52.2/denonext/esm/vs/basic-languages/elixir/elixir.mjs": "135c110c133a27d01332666be1f45192fc165904a8c88557c0dc1cec878ad622",
    "https://esm.sh/monaco-editor@0.52.2/denonext/esm/vs/basic-languages/flow9/flow9.mjs": "37f222141fe4b3b74f975a17aa3e384138904aecf3ec451f73c6bfb4321d56bd",
    "https://esm.sh/monaco-editor@0.52.2/denonext/esm/vs/basic-languages/freemarker2/freemarker2.mjs": "1f10a8b52ea9fe6923d855d5fcc8ade67cbda7d1f64bdcd47fec10f606dd9732",
    "https://esm.sh/monaco-editor@0.52.2/denonext/esm/vs/basic-languages/fsharp/fsharp.mjs": "20f3ad327bd4e42f0a72b650688dbaedbad4b32b2c3b34ba832e32d85272ae11",
    "https://esm.sh/monaco-editor@0.52.2/denonext/esm/vs/basic-languages/go/go.mjs": "100ae16ce1b0381de173d9e3e70e3dd44eea5e3866101043ef098cfebea96f9f",
    "https://esm.sh/monaco-editor@0.52.2/denonext/esm/vs/basic-languages/graphql/graphql.mjs": "e3ec8681e21e4046a7edfe27a250c595ff8762ed35c3f9629adc1f607dd4a485",
    "https://esm.sh/monaco-editor@0.52.2/denonext/esm/vs/basic-languages/handlebars/handlebars.mjs": "6e7e537de898a8f379dc6289ca9b7cfc024b756259e207415528de397296c64f",
    "https://esm.sh/monaco-editor@0.52.2/denonext/esm/vs/basic-languages/hcl/hcl.mjs": "3160057670477bd9e54c2ca07be7b14d04509e3c585fc4d9cda410dd8f42e917",
    "https://esm.sh/monaco-editor@0.52.2/denonext/esm/vs/basic-languages/html/html.mjs": "c54b92b225c453d774f58826fddd7fb2892f740f034815bd0bd5c756d8bce6b8",
    "https://esm.sh/monaco-editor@0.52.2/denonext/esm/vs/basic-languages/ini/ini.mjs": "178858ea11c73ec07b0def92ad15eeb809e76ddb76c8895e46983e5abe986e45",
    "https://esm.sh/monaco-editor@0.52.2/denonext/esm/vs/basic-languages/java/java.mjs": "97ba112cfc617d9fb969c6b3f8c6568e3e3dd25b3e72a1a909afae213edfb2ef",
    "https://esm.sh/monaco-editor@0.52.2/denonext/esm/vs/basic-languages/javascript/javascript.mjs": "7e4b73c5e95b10c36ebd6423f9c01f4c4bf2e4d44ff0e845fd55b8806a9bec43",
    "https://esm.sh/monaco-editor@0.52.2/denonext/esm/vs/basic-languages/julia/julia.mjs": "9dd6a6e91355b02d04aacba7c48675f60d9e99a4b5df6cce8fdba0c1a6ee0a43",
    "https://esm.sh/monaco-editor@0.52.2/denonext/esm/vs/basic-languages/kotlin/kotlin.mjs": "9e2440b4191187a3bd7b21c1eedbf79582e962db286120eeb45282da4c378e1c",
    "https://esm.sh/monaco-editor@0.52.2/denonext/esm/vs/basic-languages/less/less.mjs": "df2bf19395fd62ca59286ca2f4af57fbdd80f2b8b1d653078a4c3ddb1432d477",
    "https://esm.sh/monaco-editor@0.52.2/denonext/esm/vs/basic-languages/lexon/lexon.mjs": "c3fd3674ac102bcdd0ca34f847604de018a8d878078ea57218d8cb859d5b8736",
    "https://esm.sh/monaco-editor@0.52.2/denonext/esm/vs/basic-languages/liquid/liquid.mjs": "e11f966765cda2f86a91921d64db616edd6ee24369d6f1848e5e3f762a02f911",
    "https://esm.sh/monaco-editor@0.52.2/denonext/esm/vs/basic-languages/lua/lua.mjs": "dfade98e5635a195171cc2c163c0ca84bf46feea8bb7ba161becf7c16118edbf",
    "https://esm.sh/monaco-editor@0.52.2/denonext/esm/vs/basic-languages/m3/m3.mjs": "f21d0a404f8ef43da88bfed52ba6ea897f2b60f4516da72b75da8f8521fefa50",
    "https://esm.sh/monaco-editor@0.52.2/denonext/esm/vs/basic-languages/markdown/markdown.mjs": "ff5b55c8c265c7ee43008a08982cedd38ef35ad5d249f34a07efc39a0f878c88",
    "https://esm.sh/monaco-editor@0.52.2/denonext/esm/vs/basic-languages/mdx/mdx.mjs": "d79032d7240b2cb4f447d77586128ef7dcdc72b4362406f28f2649cf3e1364ae",
    "https://esm.sh/monaco-editor@0.52.2/denonext/esm/vs/basic-languages/mips/mips.mjs": "5b9abad578f2f0974ed7e979e24a7796a1ea9d1697f867036c57b95075200960",
    "https://esm.sh/monaco-editor@0.52.2/denonext/esm/vs/basic-languages/msdax/msdax.mjs": "c9a02ecb880228d32583ad9280ed06e5d445b62485ba6d974f834ad3e68b86b2",
    "https://esm.sh/monaco-editor@0.52.2/denonext/esm/vs/basic-languages/mysql/mysql.mjs": "23a4e08b236e65450a703e2cb438d4f6325bde68b74df6a95ea2c7a4826fbe58",
    "https://esm.sh/monaco-editor@0.52.2/denonext/esm/vs/basic-languages/objective-c/objective-c.mjs": "d4f3926fda457003c017243295cd7aabeca49b7f18232770540bf388a1e2cf4a",
    "https://esm.sh/monaco-editor@0.52.2/denonext/esm/vs/basic-languages/pascal/pascal.mjs": "e88f7d50ff250cd5390d1409914ba17d253cc074783cd72f351c2134c8d8646d",
    "https://esm.sh/monaco-editor@0.52.2/denonext/esm/vs/basic-languages/pascaligo/pascaligo.mjs": "361459a923547cceab900bdfd88c7d5fea76d38849386a1def0381933312235f",
    "https://esm.sh/monaco-editor@0.52.2/denonext/esm/vs/basic-languages/perl/perl.mjs": "4da201e1fa4ed6e25e9ec68d91ec954aed071b233d8938b48d0cd6b6435fb08a",
    "https://esm.sh/monaco-editor@0.52.2/denonext/esm/vs/basic-languages/pgsql/pgsql.mjs": "b7b7bc179b2673af75196b09efaacc5b9f1d166024042329d0c844e3e995e549",
    "https://esm.sh/monaco-editor@0.52.2/denonext/esm/vs/basic-languages/php/php.mjs": "591d7033ebf44a20f468473793a14e6a12f7bd7718fd4dd51ef857b2eb1ced83",
    "https://esm.sh/monaco-editor@0.52.2/denonext/esm/vs/basic-languages/pla/pla.mjs": "0a3f5fa252253fa0f5752068049457a1054679d3c7954a3239d21e3dfba54177",
    "https://esm.sh/monaco-editor@0.52.2/denonext/esm/vs/basic-languages/postiats/postiats.mjs": "fc5971812173c3411e0bb6202e80863fb8313eb0494b614f716a01613d329086",
    "https://esm.sh/monaco-editor@0.52.2/denonext/esm/vs/basic-languages/powerquery/powerquery.mjs": "1940f2d5b558de3572b082b852932a2af9d9dbdefb5d8e9bf05f6997bf41213f",
    "https://esm.sh/monaco-editor@0.52.2/denonext/esm/vs/basic-languages/powershell/powershell.mjs": "01a84a43eadc49c293a6202af794dca6b6e43c72689b99ee509537e9f9a824e4",
    "https://esm.sh/monaco-editor@0.52.2/denonext/esm/vs/basic-languages/protobuf/protobuf.mjs": "88133db3b03e3b9958b70c0be07c52135ce162bb1edaaa0b4ce29ff877aa19ee",
    "https://esm.sh/monaco-editor@0.52.2/denonext/esm/vs/basic-languages/pug/pug.mjs": "441ab1b98b0b29cacf7171bf37fe3e139d4ad5139e12394e21eb001b85f054f4",
    "https://esm.sh/monaco-editor@0.52.2/denonext/esm/vs/basic-languages/python/python.mjs": "fb4d6bd6adf7256ff6f4483e4a5f1336aeabe77762ca41c1dec58a94e65b69e4",
    "https://esm.sh/monaco-editor@0.52.2/denonext/esm/vs/basic-languages/qsharp/qsharp.mjs": "e8a3adce10ff3efcb7503395ad019abfbcd8605b3c882464fcff876071c40c4a",
    "https://esm.sh/monaco-editor@0.52.2/denonext/esm/vs/basic-languages/r/r.mjs": "500ff1956e4b6974366983cb310c15f3252229060d64ace86081d04ac914250a",
    "https://esm.sh/monaco-editor@0.52.2/denonext/esm/vs/basic-languages/razor/razor.mjs": "43e0e5f54d2fe4c327d38c76a7e45a1c37fca4a2b8d58446e9fd3d39a61e8ad7",
    "https://esm.sh/monaco-editor@0.52.2/denonext/esm/vs/basic-languages/redis/redis.mjs": "702d0d8c237a9b130421360cf7c2fa6ec9e867fd9c1fc266975cc0868f9d6c79",
    "https://esm.sh/monaco-editor@0.52.2/denonext/esm/vs/basic-languages/redshift/redshift.mjs": "25e4b8cba961a570ca3bce6655f150b781ff28dfa93f80e42be37197dff06591",
    "https://esm.sh/monaco-editor@0.52.2/denonext/esm/vs/basic-languages/restructuredtext/restructuredtext.mjs": "a1c751206a18e75e6e85023a78414a1750554d6f8668311cda04bb25ca826497",
    "https://esm.sh/monaco-editor@0.52.2/denonext/esm/vs/basic-languages/ruby/ruby.mjs": "5af9f4540ced34e75cc0a35eed870bd0e6582323ec5d60703271f57174ce959e",
    "https://esm.sh/monaco-editor@0.52.2/denonext/esm/vs/basic-languages/rust/rust.mjs": "09f2feb3fba141f3002589d4de5f13a8a8470cd73bf78435056378e9c97863e6",
    "https://esm.sh/monaco-editor@0.52.2/denonext/esm/vs/basic-languages/sb/sb.mjs": "9ebd3042e71316d4c30ab77cc7457f47c2bfe2895fd907fc22baec8091a5b311",
    "https://esm.sh/monaco-editor@0.52.2/denonext/esm/vs/basic-languages/scala/scala.mjs": "ae39365929a11772f859fe5910735275fb74dc4e0592537548dade220fc5e8ec",
    "https://esm.sh/monaco-editor@0.52.2/denonext/esm/vs/basic-languages/scheme/scheme.mjs": "6dceebfd3541164347b60b5145cbad33dc3402893e55d797d1997fd604298aa2",
    "https://esm.sh/monaco-editor@0.52.2/denonext/esm/vs/basic-languages/scss/scss.mjs": "404856c39460c1bb68ad091a899d449662c13c7f884cbb6a9f9108655237984b",
    "https://esm.sh/monaco-editor@0.52.2/denonext/esm/vs/basic-languages/shell/shell.mjs": "0418f593a8402495aca5310c0e11344944b336ca49a7b50fce748217711f6cb3",
    "https://esm.sh/monaco-editor@0.52.2/denonext/esm/vs/basic-languages/solidity/solidity.mjs": "bbc639b67e828530dfdae643023d8c37f2294244625fdde29c1a805b48cf380d",
    "https://esm.sh/monaco-editor@0.52.2/denonext/esm/vs/basic-languages/sophia/sophia.mjs": "8bfc1baa08bad0a7832096493f439f987fe67d009ebd4ed35ad7932595f67fce",
    "https://esm.sh/monaco-editor@0.52.2/denonext/esm/vs/basic-languages/sparql/sparql.mjs": "df23d6dfd6eacb9746316bb2397ca9c95243862709e703cdcce89e011e714b3c",
    "https://esm.sh/monaco-editor@0.52.2/denonext/esm/vs/basic-languages/sql/sql.mjs": "1cc13055fbc668233508f4eeb709297d5d887a24d887e5a071010a8fdb219984",
    "https://esm.sh/monaco-editor@0.52.2/denonext/esm/vs/basic-languages/st/st.mjs": "1dbc870e4b11a354f06df2aa94e4eaa061f0faf78bc5c3674fb6f243ce9f7db5",
    "https://esm.sh/monaco-editor@0.52.2/denonext/esm/vs/basic-languages/swift/swift.mjs": "a376a4b5c4723af253bd5bd6a985a1dc462cef4dde5c23cea2523d4137a4adc7",
    "https://esm.sh/monaco-editor@0.52.2/denonext/esm/vs/basic-languages/systemverilog/systemverilog.mjs": "99a7940c9bb5c28b1b1c7652a481ada748a7bfe94f702bc8484c54d4f70caccb",
    "https://esm.sh/monaco-editor@0.52.2/denonext/esm/vs/basic-languages/tcl/tcl.mjs": "9eb069da57ba23d5501a852adea45a4430d4693a6eda309c6b7b89f84621d318",
    "https://esm.sh/monaco-editor@0.52.2/denonext/esm/vs/basic-languages/twig/twig.mjs": "2d1112967e77b82c1981cf7ed30db01db90af0a16f831f67fad6b4fadcf7bc89",
    "https://esm.sh/monaco-editor@0.52.2/denonext/esm/vs/basic-languages/typescript/typescript.mjs": "9b3f471289cf92b9239737ff351d4d03e4ee58a51506090aa61f3ffe58cda8a0",
    "https://esm.sh/monaco-editor@0.52.2/denonext/esm/vs/basic-languages/typespec/typespec.mjs": "fb284fc0a46419243837c62442f493cf4d9c4ae3641d8e95bdd380454654386e",
    "https://esm.sh/monaco-editor@0.52.2/denonext/esm/vs/basic-languages/vb/vb.mjs": "655cfd6f1d9b4cc6ff9f316cb754fdb4ca8d1c980fecdd7acf0c3bab021c687f",
    "https://esm.sh/monaco-editor@0.52.2/denonext/esm/vs/basic-languages/wgsl/wgsl.mjs": "5a34aed68481367976b65fb4110f3e6807ae5eeb6551f52e7d360ea54fc9321f",
    "https://esm.sh/monaco-editor@0.52.2/denonext/esm/vs/basic-languages/xml/xml.mjs": "bfadda55776311092eb89850e7cb22f939af20b18b14271509ade875a8c12f4e",
    "https://esm.sh/monaco-editor@0.52.2/denonext/esm/vs/basic-languages/yaml/yaml.mjs": "ccc9c1ef924b0247cbb7bdc58dbc9c485bfeaf61b220ce18c9cb0ae3da6a198f",
    "https://esm.sh/monaco-editor@0.52.2/denonext/esm/vs/language/css/cssMode.mjs": "049779c7777e658159f5a25c00c3995d50f636a8f01e9567d67b510f86ae2878",
    "https://esm.sh/monaco-editor@0.52.2/denonext/esm/vs/language/html/htmlMode.mjs": "86c43ff473d692f50b0c5db66919c9cae4acb40793b3ab3561545bbe65abb44a",
    "https://esm.sh/monaco-editor@0.52.2/denonext/esm/vs/language/json/jsonMode.mjs": "49814c35c5f327e0a5ffb0cc973b896db71ba338d9c273a21a2571ec7b2d404f",
    "https://esm.sh/monaco-editor@0.52.2/denonext/esm/vs/language/typescript/tsMode.mjs": "650b84bc376903c0daff9938139b3d536bda7d5234d4117ddad25430db90e263",
    "https://esm.sh/monaco-editor@0.52.2/denonext/monaco-editor.mjs": "7b54972f793b7f80b164af3385f4592dc0ccd96bdd0cd1708062f6db76b4d659",
    "https://esm.sh/preact@10.26.8": "f6c6195e67293b6df707b53dd3075ca149604e1ba989c7832179b3c1b7e8a302",
    "https://esm.sh/preact@10.26.8/denonext/hooks.mjs": "acd44405405a97e6f904c79d2722de60f131800b55ffc864b2432642c6582945",
    "https://esm.sh/preact@10.26.8/denonext/jsx-runtime.mjs": "81aa2784a8f9b4bcf59b6619505fc027e29de5b8acc88a39d588ad5a058b5fa0",
    "https://esm.sh/preact@10.26.8/denonext/preact.mjs": "15cb76ed3f64c60ee55efae71db9561133cbb37af609921ddef445c4a543fad2",
    "https://esm.sh/preact@10.26.8/hooks": "161d4d8a64ffce0d3241389770dfa6e8209b3157424ccfaa5920c7167b69ebba",
    "https://esm.sh/preact@10.26.8/hooks?target=denonext": "161d4d8a64ffce0d3241389770dfa6e8209b3157424ccfaa5920c7167b69ebba",
    "https://esm.sh/preact@10.26.8/jsx-runtime": "53ae918d4a68dc65cecf7ca4e211e2036b1328d1339a7872c6bc83e7732c3729",
    "https://esm.sh/preact@10.26.8?target=denonext": "f6c6195e67293b6df707b53dd3075ca149604e1ba989c7832179b3c1b7e8a302",
    "https://raw.githubusercontent.com/mod-by-cis/read-structure-dir/refs/tags/v0.1.1/mod.ts": "9a68a1dc1270e0e4ce937f4bf7eb488f58b32540bceb7988699f65d95a0211e4",
    "https://raw.githubusercontent.com/mod-by-cis/read-structure-dir/refs/tags/v0.1.1/mod/main.ts": "374482d21b2685f2a7255b0ea7508cc991bafb8c22574f977e5a54cd13df66c5",
    "https://raw.githubusercontent.com/mod-by-cis/read-structure-dir/refs/tags/v0.1.1/mod/types.ts": "1c28abd472920a66a9f61ac0ad1a17afe2b91fbd55e054ca490b6b0063e2c4ec",
    "https://raw.githubusercontent.com/mod-by-cis/read-structure-dir/refs/tags/v0.1.1/mod/utils.ts": "166a96e3b39c400aa659f314491f12f308ad3a3eee5dd17d2b552cd6e6826474"
  },
  "workspace": {
    "dependencies": [
      "jsr:@luca/esbuild-deno-loader@~0.11.1",
      "jsr:@std/http@^1.0.17",
      "jsr:@std/path@^1.1.0"
    ]
  }
}
